// !$*UTF8*$!
{
	archiveVersion = 1;
	classes = {
	};
	objectVersion = 46;
	objects = {

/* Begin PBXBuildFile section */
		849DF18A1C2CA7AF009B68D9 /* main.m in Sources */ = {isa = PBXBuildFile; fileRef = 849DF1891C2CA7AF009B68D9 /* main.m */; };
		849DF18D1C2CA7AF009B68D9 /* AppDelegate.m in Sources */ = {isa = PBXBuildFile; fileRef = 849DF18C1C2CA7AF009B68D9 /* AppDelegate.m */; };
		849DF1901C2CA7AF009B68D9 /* Start.m in Sources */ = {isa = PBXBuildFile; fileRef = 849DF18F1C2CA7AF009B68D9 /* Start.m */; };
		849DF1931C2CA7AF009B68D9 /* Main.storyboard in Resources */ = {isa = PBXBuildFile; fileRef = 849DF1911C2CA7AF009B68D9 /* Main.storyboard */; };
		849DF1961C2CA7AF009B68D9 /* PayPal_Test.xcdatamodeld in Sources */ = {isa = PBXBuildFile; fileRef = 849DF1941C2CA7AF009B68D9 /* PayPal_Test.xcdatamodeld */; };
		849DF1981C2CA7AF009B68D9 /* Assets.xcassets in Resources */ = {isa = PBXBuildFile; fileRef = 849DF1971C2CA7AF009B68D9 /* Assets.xcassets */; };
		849DF19B1C2CA7AF009B68D9 /* LaunchScreen.storyboard in Resources */ = {isa = PBXBuildFile; fileRef = 849DF1991C2CA7AF009B68D9 /* LaunchScreen.storyboard */; };
		849DF1A51C2CAA84009B68D9 /* Podfile in Resources */ = {isa = PBXBuildFile; fileRef = 849DF1A41C2CAA84009B68D9 /* Podfile */; };
		849DF1AF1C2CAD94009B68D9 /* libPayPalMobile.a in Frameworks */ = {isa = PBXBuildFile; fileRef = 849DF1A71C2CAD94009B68D9 /* libPayPalMobile.a */; };
		849DF1BC1C2CAE2B009B68D9 /* libCardIO.a in Frameworks */ = {isa = PBXBuildFile; fileRef = 849DF1B91C2CAE2B009B68D9 /* libCardIO.a */; };
		849DF1BD1C2CAE2B009B68D9 /* libopencv_core.a in Frameworks */ = {isa = PBXBuildFile; fileRef = 849DF1BA1C2CAE2B009B68D9 /* libopencv_core.a */; };
		849DF1BE1C2CAE2B009B68D9 /* libopencv_imgproc.a in Frameworks */ = {isa = PBXBuildFile; fileRef = 849DF1BB1C2CAE2B009B68D9 /* libopencv_imgproc.a */; };
		849DF1C01C2CAEE4009B68D9 /* Accelerate.framework in Frameworks */ = {isa = PBXBuildFile; fileRef = 849DF1BF1C2CAEE4009B68D9 /* Accelerate.framework */; };
		849DF1C21C2CAEEA009B68D9 /* AudioToolbox.framework in Frameworks */ = {isa = PBXBuildFile; fileRef = 849DF1C11C2CAEEA009B68D9 /* AudioToolbox.framework */; };
		849DF1C41C2CAEF0009B68D9 /* AVFoundation.framework in Frameworks */ = {isa = PBXBuildFile; fileRef = 849DF1C31C2CAEF0009B68D9 /* AVFoundation.framework */; };
		849DF1C61C2CAEF9009B68D9 /* CoreLocation.framework in Frameworks */ = {isa = PBXBuildFile; fileRef = 849DF1C51C2CAEF9009B68D9 /* CoreLocation.framework */; };
		849DF1C81C2CAF08009B68D9 /* CoreMedia.framework in Frameworks */ = {isa = PBXBuildFile; fileRef = 849DF1C71C2CAF08009B68D9 /* CoreMedia.framework */; };
		849DF1CA1C2CAF1E009B68D9 /* MessageUI.framework in Frameworks */ = {isa = PBXBuildFile; fileRef = 849DF1C91C2CAF1E009B68D9 /* MessageUI.framework */; };
		849DF1CE1C2CAF41009B68D9 /* MobileCoreServices.framework in Frameworks */ = {isa = PBXBuildFile; fileRef = 849DF1CB1C2CAF41009B68D9 /* MobileCoreServices.framework */; };
		849DF1CF1C2CAF41009B68D9 /* SafariServices.framework in Frameworks */ = {isa = PBXBuildFile; fileRef = 849DF1CC1C2CAF41009B68D9 /* SafariServices.framework */; };
		849DF1D01C2CAF41009B68D9 /* SystemConfiguration.framework in Frameworks */ = {isa = PBXBuildFile; fileRef = 849DF1CD1C2CAF41009B68D9 /* SystemConfiguration.framework */; };
/* End PBXBuildFile section */

/* Begin PBXFileReference section */
		849DF1851C2CA7AF009B68D9 /* PayPal Test.app */ = {isa = PBXFileReference; explicitFileType = wrapper.application; includeInIndex = 0; path = "PayPal Test.app"; sourceTree = BUILT_PRODUCTS_DIR; };
		849DF1891C2CA7AF009B68D9 /* main.m */ = {isa = PBXFileReference; lastKnownFileType = sourcecode.c.objc; path = main.m; sourceTree = "<group>"; };
		849DF18B1C2CA7AF009B68D9 /* AppDelegate.h */ = {isa = PBXFileReference; lastKnownFileType = sourcecode.c.h; path = AppDelegate.h; sourceTree = "<group>"; };
		849DF18C1C2CA7AF009B68D9 /* AppDelegate.m */ = {isa = PBXFileReference; lastKnownFileType = sourcecode.c.objc; path = AppDelegate.m; sourceTree = "<group>"; };
		849DF18E1C2CA7AF009B68D9 /* Start.h */ = {isa = PBXFileReference; lastKnownFileType = sourcecode.c.h; path = Start.h; sourceTree = "<group>"; };
		849DF18F1C2CA7AF009B68D9 /* Start.m */ = {isa = PBXFileReference; lastKnownFileType = sourcecode.c.objc; path = Start.m; sourceTree = "<group>"; };
		849DF1921C2CA7AF009B68D9 /* Base */ = {isa = PBXFileReference; lastKnownFileType = file.storyboard; name = Base; path = Base.lproj/Main.storyboard; sourceTree = "<group>"; };
		849DF1951C2CA7AF009B68D9 /* PayPal_Test.xcdatamodel */ = {isa = PBXFileReference; lastKnownFileType = wrapper.xcdatamodel; path = PayPal_Test.xcdatamodel; sourceTree = "<group>"; };
		849DF1971C2CA7AF009B68D9 /* Assets.xcassets */ = {isa = PBXFileReference; lastKnownFileType = folder.assetcatalog; path = Assets.xcassets; sourceTree = "<group>"; };
		849DF19A1C2CA7AF009B68D9 /* Base */ = {isa = PBXFileReference; lastKnownFileType = file.storyboard; name = Base; path = Base.lproj/LaunchScreen.storyboard; sourceTree = "<group>"; };
		849DF19C1C2CA7AF009B68D9 /* Info.plist */ = {isa = PBXFileReference; lastKnownFileType = text.plist.xml; path = Info.plist; sourceTree = "<group>"; };
		849DF1A41C2CAA84009B68D9 /* Podfile */ = {isa = PBXFileReference; fileEncoding = 4; lastKnownFileType = text; path = Podfile; sourceTree = "<group>"; };
		849DF1A71C2CAD94009B68D9 /* libPayPalMobile.a */ = {isa = PBXFileReference; lastKnownFileType = archive.ar; path = libPayPalMobile.a; sourceTree = "<group>"; };
		849DF1A81C2CAD94009B68D9 /* PayPalConfiguration.h */ = {isa = PBXFileReference; fileEncoding = 4; lastKnownFileType = sourcecode.c.h; path = PayPalConfiguration.h; sourceTree = "<group>"; };
		849DF1A91C2CAD94009B68D9 /* PayPalFuturePaymentViewController.h */ = {isa = PBXFileReference; fileEncoding = 4; lastKnownFileType = sourcecode.c.h; path = PayPalFuturePaymentViewController.h; sourceTree = "<group>"; };
		849DF1AA1C2CAD94009B68D9 /* PayPalMobile.h */ = {isa = PBXFileReference; fileEncoding = 4; lastKnownFileType = sourcecode.c.h; path = PayPalMobile.h; sourceTree = "<group>"; };
		849DF1AB1C2CAD94009B68D9 /* PayPalOAuthScopes.h */ = {isa = PBXFileReference; fileEncoding = 4; lastKnownFileType = sourcecode.c.h; path = PayPalOAuthScopes.h; sourceTree = "<group>"; };
		849DF1AC1C2CAD94009B68D9 /* PayPalPayment.h */ = {isa = PBXFileReference; fileEncoding = 4; lastKnownFileType = sourcecode.c.h; path = PayPalPayment.h; sourceTree = "<group>"; };
		849DF1AD1C2CAD94009B68D9 /* PayPalPaymentViewController.h */ = {isa = PBXFileReference; fileEncoding = 4; lastKnownFileType = sourcecode.c.h; path = PayPalPaymentViewController.h; sourceTree = "<group>"; };
		849DF1AE1C2CAD94009B68D9 /* PayPalProfileSharingViewController.h */ = {isa = PBXFileReference; fileEncoding = 4; lastKnownFileType = sourcecode.c.h; path = PayPalProfileSharingViewController.h; sourceTree = "<group>"; };
		849DF1B11C2CAE2B009B68D9 /* CardIO.h */ = {isa = PBXFileReference; fileEncoding = 4; lastKnownFileType = sourcecode.c.h; path = CardIO.h; sourceTree = "<group>"; };
		849DF1B21C2CAE2B009B68D9 /* CardIOCreditCardInfo.h */ = {isa = PBXFileReference; fileEncoding = 4; lastKnownFileType = sourcecode.c.h; path = CardIOCreditCardInfo.h; sourceTree = "<group>"; };
		849DF1B31C2CAE2B009B68D9 /* CardIODetectionMode.h */ = {isa = PBXFileReference; fileEncoding = 4; lastKnownFileType = sourcecode.c.h; path = CardIODetectionMode.h; sourceTree = "<group>"; };
		849DF1B41C2CAE2B009B68D9 /* CardIOPaymentViewController.h */ = {isa = PBXFileReference; fileEncoding = 4; lastKnownFileType = sourcecode.c.h; path = CardIOPaymentViewController.h; sourceTree = "<group>"; };
		849DF1B51C2CAE2B009B68D9 /* CardIOPaymentViewControllerDelegate.h */ = {isa = PBXFileReference; fileEncoding = 4; lastKnownFileType = sourcecode.c.h; path = CardIOPaymentViewControllerDelegate.h; sourceTree = "<group>"; };
		849DF1B61C2CAE2B009B68D9 /* CardIOUtilities.h */ = {isa = PBXFileReference; fileEncoding = 4; lastKnownFileType = sourcecode.c.h; path = CardIOUtilities.h; sourceTree = "<group>"; };
		849DF1B71C2CAE2B009B68D9 /* CardIOView.h */ = {isa = PBXFileReference; fileEncoding = 4; lastKnownFileType = sourcecode.c.h; path = CardIOView.h; sourceTree = "<group>"; };
		849DF1B81C2CAE2B009B68D9 /* CardIOViewDelegate.h */ = {isa = PBXFileReference; fileEncoding = 4; lastKnownFileType = sourcecode.c.h; path = CardIOViewDelegate.h; sourceTree = "<group>"; };
		849DF1B91C2CAE2B009B68D9 /* libCardIO.a */ = {isa = PBXFileReference; lastKnownFileType = archive.ar; path = libCardIO.a; sourceTree = "<group>"; };
		849DF1BA1C2CAE2B009B68D9 /* libopencv_core.a */ = {isa = PBXFileReference; lastKnownFileType = archive.ar; path = libopencv_core.a; sourceTree = "<group>"; };
		849DF1BB1C2CAE2B009B68D9 /* libopencv_imgproc.a */ = {isa = PBXFileReference; lastKnownFileType = archive.ar; path = libopencv_imgproc.a; sourceTree = "<group>"; };
		849DF1BF1C2CAEE4009B68D9 /* Accelerate.framework */ = {isa = PBXFileReference; lastKnownFileType = wrapper.framework; name = Accelerate.framework; path = System/Library/Frameworks/Accelerate.framework; sourceTree = SDKROOT; };
		849DF1C11C2CAEEA009B68D9 /* AudioToolbox.framework */ = {isa = PBXFileReference; lastKnownFileType = wrapper.framework; name = AudioToolbox.framework; path = System/Library/Frameworks/AudioToolbox.framework; sourceTree = SDKROOT; };
		849DF1C31C2CAEF0009B68D9 /* AVFoundation.framework */ = {isa = PBXFileReference; lastKnownFileType = wrapper.framework; name = AVFoundation.framework; path = System/Library/Frameworks/AVFoundation.framework; sourceTree = SDKROOT; };
		849DF1C51C2CAEF9009B68D9 /* CoreLocation.framework */ = {isa = PBXFileReference; lastKnownFileType = wrapper.framework; name = CoreLocation.framework; path = System/Library/Frameworks/CoreLocation.framework; sourceTree = SDKROOT; };
		849DF1C71C2CAF08009B68D9 /* CoreMedia.framework */ = {isa = PBXFileReference; lastKnownFileType = wrapper.framework; name = CoreMedia.framework; path = System/Library/Frameworks/CoreMedia.framework; sourceTree = SDKROOT; };
		849DF1C91C2CAF1E009B68D9 /* MessageUI.framework */ = {isa = PBXFileReference; lastKnownFileType = wrapper.framework; name = MessageUI.framework; path = System/Library/Frameworks/MessageUI.framework; sourceTree = SDKROOT; };
		849DF1CB1C2CAF41009B68D9 /* MobileCoreServices.framework */ = {isa = PBXFileReference; lastKnownFileType = wrapper.framework; name = MobileCoreServices.framework; path = System/Library/Frameworks/MobileCoreServices.framework; sourceTree = SDKROOT; };
		849DF1CC1C2CAF41009B68D9 /* SafariServices.framework */ = {isa = PBXFileReference; lastKnownFileType = wrapper.framework; name = SafariServices.framework; path = System/Library/Frameworks/SafariServices.framework; sourceTree = SDKROOT; };
		849DF1CD1C2CAF41009B68D9 /* SystemConfiguration.framework */ = {isa = PBXFileReference; lastKnownFileType = wrapper.framework; name = SystemConfiguration.framework; path = System/Library/Frameworks/SystemConfiguration.framework; sourceTree = SDKROOT; };
/* End PBXFileReference section */

/* Begin PBXFrameworksBuildPhase section */
		849DF1821C2CA7AF009B68D9 /* Frameworks */ = {
			isa = PBXFrameworksBuildPhase;
			buildActionMask = 2147483647;
			files = (
				849DF1CE1C2CAF41009B68D9 /* MobileCoreServices.framework in Frameworks */,
				849DF1CF1C2CAF41009B68D9 /* SafariServices.framework in Frameworks */,
				849DF1D01C2CAF41009B68D9 /* SystemConfiguration.framework in Frameworks */,
				849DF1CA1C2CAF1E009B68D9 /* MessageUI.framework in Frameworks */,
				849DF1C81C2CAF08009B68D9 /* CoreMedia.framework in Frameworks */,
				849DF1C61C2CAEF9009B68D9 /* CoreLocation.framework in Frameworks */,
				849DF1C41C2CAEF0009B68D9 /* AVFoundation.framework in Frameworks */,
				849DF1C21C2CAEEA009B68D9 /* AudioToolbox.framework in Frameworks */,
				849DF1C01C2CAEE4009B68D9 /* Accelerate.framework in Frameworks */,
				849DF1BE1C2CAE2B009B68D9 /* libopencv_imgproc.a in Frameworks */,
				849DF1AF1C2CAD94009B68D9 /* libPayPalMobile.a in Frameworks */,
				849DF1BC1C2CAE2B009B68D9 /* libCardIO.a in Frameworks */,
				849DF1BD1C2CAE2B009B68D9 /* libopencv_core.a in Frameworks */,
			);
			runOnlyForDeploymentPostprocessing = 0;
		};
/* End PBXFrameworksBuildPhase section */

/* Begin PBXGroup section */
		849DF17C1C2CA7AF009B68D9 = {
			isa = PBXGroup;
			children = (
				849DF1CB1C2CAF41009B68D9 /* MobileCoreServices.framework */,
				849DF1CC1C2CAF41009B68D9 /* SafariServices.framework */,
				849DF1CD1C2CAF41009B68D9 /* SystemConfiguration.framework */,
				849DF1C91C2CAF1E009B68D9 /* MessageUI.framework */,
				849DF1C71C2CAF08009B68D9 /* CoreMedia.framework */,
				849DF1C51C2CAEF9009B68D9 /* CoreLocation.framework */,
				849DF1C31C2CAEF0009B68D9 /* AVFoundation.framework */,
				849DF1C11C2CAEEA009B68D9 /* AudioToolbox.framework */,
				849DF1BF1C2CAEE4009B68D9 /* Accelerate.framework */,
				849DF1871C2CA7AF009B68D9 /* PayPal Test */,
				849DF1861C2CA7AF009B68D9 /* Products */,
			);
			sourceTree = "<group>";
		};
		849DF1861C2CA7AF009B68D9 /* Products */ = {
			isa = PBXGroup;
			children = (
				849DF1851C2CA7AF009B68D9 /* PayPal Test.app */,
			);
			name = Products;
			sourceTree = "<group>";
		};
		849DF1871C2CA7AF009B68D9 /* PayPal Test */ = {
			isa = PBXGroup;
			children = (
				849DF1B01C2CAE2B009B68D9 /* CardIO */,
				849DF1A61C2CAD94009B68D9 /* PayPalMobile */,
				849DF1A21C2CA7EA009B68D9 /* Main */,
				849DF1A31C2CA7F0009B68D9 /* Controllers */,
				849DF1911C2CA7AF009B68D9 /* Main.storyboard */,
				849DF1971C2CA7AF009B68D9 /* Assets.xcassets */,
				849DF1991C2CA7AF009B68D9 /* LaunchScreen.storyboard */,
				849DF19C1C2CA7AF009B68D9 /* Info.plist */,
				849DF1941C2CA7AF009B68D9 /* PayPal_Test.xcdatamodeld */,
				849DF1881C2CA7AF009B68D9 /* Supporting Files */,
			);
			path = "PayPal Test";
			sourceTree = "<group>";
		};
		849DF1881C2CA7AF009B68D9 /* Supporting Files */ = {
			isa = PBXGroup;
			children = (
				849DF1891C2CA7AF009B68D9 /* main.m */,
				849DF1A41C2CAA84009B68D9 /* Podfile */,
			);
			name = "Supporting Files";
			sourceTree = "<group>";
		};
		849DF1A21C2CA7EA009B68D9 /* Main */ = {
			isa = PBXGroup;
			children = (
				849DF18B1C2CA7AF009B68D9 /* AppDelegate.h */,
				849DF18C1C2CA7AF009B68D9 /* AppDelegate.m */,
			);
			name = Main;
			sourceTree = "<group>";
		};
		849DF1A31C2CA7F0009B68D9 /* Controllers */ = {
			isa = PBXGroup;
			children = (
				849DF18E1C2CA7AF009B68D9 /* Start.h */,
				849DF18F1C2CA7AF009B68D9 /* Start.m */,
			);
			name = Controllers;
			sourceTree = "<group>";
		};
		849DF1A61C2CAD94009B68D9 /* PayPalMobile */ = {
			isa = PBXGroup;
			children = (
				849DF1A71C2CAD94009B68D9 /* libPayPalMobile.a */,
				849DF1A81C2CAD94009B68D9 /* PayPalConfiguration.h */,
				849DF1A91C2CAD94009B68D9 /* PayPalFuturePaymentViewController.h */,
				849DF1AA1C2CAD94009B68D9 /* PayPalMobile.h */,
				849DF1AB1C2CAD94009B68D9 /* PayPalOAuthScopes.h */,
				849DF1AC1C2CAD94009B68D9 /* PayPalPayment.h */,
				849DF1AD1C2CAD94009B68D9 /* PayPalPaymentViewController.h */,
				849DF1AE1C2CAD94009B68D9 /* PayPalProfileSharingViewController.h */,
			);
			path = PayPalMobile;
			sourceTree = SOURCE_ROOT;
		};
		849DF1B01C2CAE2B009B68D9 /* CardIO */ = {
			isa = PBXGroup;
			children = (
				849DF1B11C2CAE2B009B68D9 /* CardIO.h */,
				849DF1B21C2CAE2B009B68D9 /* CardIOCreditCardInfo.h */,
				849DF1B31C2CAE2B009B68D9 /* CardIODetectionMode.h */,
				849DF1B41C2CAE2B009B68D9 /* CardIOPaymentViewController.h */,
				849DF1B51C2CAE2B009B68D9 /* CardIOPaymentViewControllerDelegate.h */,
				849DF1B61C2CAE2B009B68D9 /* CardIOUtilities.h */,
				849DF1B71C2CAE2B009B68D9 /* CardIOView.h */,
				849DF1B81C2CAE2B009B68D9 /* CardIOViewDelegate.h */,
				849DF1B91C2CAE2B009B68D9 /* libCardIO.a */,
				849DF1BA1C2CAE2B009B68D9 /* libopencv_core.a */,
				849DF1BB1C2CAE2B009B68D9 /* libopencv_imgproc.a */,
			);
			path = CardIO;
			sourceTree = SOURCE_ROOT;
		};
/* End PBXGroup section */

/* Begin PBXNativeTarget section */
		849DF1841C2CA7AF009B68D9 /* PayPal Test */ = {
			isa = PBXNativeTarget;
			buildConfigurationList = 849DF19F1C2CA7AF009B68D9 /* Build configuration list for PBXNativeTarget "PayPal Test" */;
			buildPhases = (
				849DF1811C2CA7AF009B68D9 /* Sources */,
				849DF1821C2CA7AF009B68D9 /* Frameworks */,
				849DF1831C2CA7AF009B68D9 /* Resources */,
			);
			buildRules = (
			);
			dependencies = (
			);
			name = "PayPal Test";
			productName = "PayPal Test";
			productReference = 849DF1851C2CA7AF009B68D9 /* PayPal Test.app */;
			productType = "com.apple.product-type.application";
		};
/* End PBXNativeTarget section */

/* Begin PBXProject section */
		849DF17D1C2CA7AF009B68D9 /* Project object */ = {
			isa = PBXProject;
			attributes = {
				LastUpgradeCheck = 0720;
				ORGANIZATIONNAME = chiuntisoft;
				TargetAttributes = {
					849DF1841C2CA7AF009B68D9 = {
						CreatedOnToolsVersion = 7.2;
						DevelopmentTeam = X9638U446H;
					};
				};
			};
			buildConfigurationList = 849DF1801C2CA7AF009B68D9 /* Build configuration list for PBXProject "PayPal Test" */;
			compatibilityVersion = "Xcode 3.2";
			developmentRegion = English;
			hasScannedForEncodings = 0;
			knownRegions = (
				en,
				Base,
			);
			mainGroup = 849DF17C1C2CA7AF009B68D9;
			productRefGroup = 849DF1861C2CA7AF009B68D9 /* Products */;
			projectDirPath = "";
			projectRoot = "";
			targets = (
				849DF1841C2CA7AF009B68D9 /* PayPal Test */,
			);
		};
/* End PBXProject section */

/* Begin PBXResourcesBuildPhase section */
		849DF1831C2CA7AF009B68D9 /* Resources */ = {
			isa = PBXResourcesBuildPhase;
			buildActionMask = 2147483647;
			files = (
				849DF19B1C2CA7AF009B68D9 /* LaunchScreen.storyboard in Resources */,
				849DF1981C2CA7AF009B68D9 /* Assets.xcassets in Resources */,
				849DF1A51C2CAA84009B68D9 /* Podfile in Resources */,
				849DF1931C2CA7AF009B68D9 /* Main.storyboard in Resources */,
			);
			runOnlyForDeploymentPostprocessing = 0;
		};
/* End PBXResourcesBuildPhase section */

/* Begin PBXSourcesBuildPhase section */
		849DF1811C2CA7AF009B68D9 /* Sources */ = {
			isa = PBXSourcesBuildPhase;
			buildActionMask = 2147483647;
			files = (
				849DF1901C2CA7AF009B68D9 /* Start.m in Sources */,
				849DF18D1C2CA7AF009B68D9 /* AppDelegate.m in Sources */,
				849DF1961C2CA7AF009B68D9 /* PayPal_Test.xcdatamodeld in Sources */,
				849DF18A1C2CA7AF009B68D9 /* main.m in Sources */,
			);
			runOnlyForDeploymentPostprocessing = 0;
		};
/* End PBXSourcesBuildPhase section */

/* Begin PBXVariantGroup section */
		849DF1911C2CA7AF009B68D9 /* Main.storyboard */ = {
			isa = PBXVariantGroup;
			children = (
				849DF1921C2CA7AF009B68D9 /* Base */,
			);
			name = Main.storyboard;
			sourceTree = "<group>";
		};
		849DF1991C2CA7AF009B68D9 /* LaunchScreen.storyboard */ = {
			isa = PBXVariantGroup;
			children = (
				849DF19A1C2CA7AF009B68D9 /* Base */,
			);
			name = LaunchScreen.storyboard;
			sourceTree = "<group>";
		};
/* End PBXVariantGroup section */

/* Begin XCBuildConfiguration section */
		849DF19D1C2CA7AF009B68D9 /* Debug */ = {
			isa = XCBuildConfiguration;
			buildSettings = {
				ALWAYS_SEARCH_USER_PATHS = NO;
				CLANG_CXX_LANGUAGE_STANDARD = "gnu++0x";
				CLANG_CXX_LIBRARY = "libc++";
				CLANG_ENABLE_MODULES = YES;
				CLANG_ENABLE_OBJC_ARC = YES;
				CLANG_WARN_BOOL_CONVERSION = YES;
				CLANG_WARN_CONSTANT_CONVERSION = YES;
				CLANG_WARN_DIRECT_OBJC_ISA_USAGE = YES_ERROR;
				CLANG_WARN_EMPTY_BODY = YES;
				CLANG_WARN_ENUM_CONVERSION = YES;
				CLANG_WARN_INT_CONVERSION = YES;
				CLANG_WARN_OBJC_ROOT_CLASS = YES_ERROR;
				CLANG_WARN_UNREACHABLE_CODE = YES;
				CLANG_WARN__DUPLICATE_METHOD_MATCH = YES;
				"CODE_SIGN_IDENTITY[sdk=iphoneos*]" = "iPhone Developer";
				COPY_PHASE_STRIP = NO;
				DEBUG_INFORMATION_FORMAT = dwarf;
				ENABLE_STRICT_OBJC_MSGSEND = YES;
				ENABLE_TESTABILITY = YES;
				GCC_C_LANGUAGE_STANDARD = gnu99;
				GCC_DYNAMIC_NO_PIC = NO;
				GCC_NO_COMMON_BLOCKS = YES;
				GCC_OPTIMIZATION_LEVEL = 0;
				GCC_PREPROCESSOR_DEFINITIONS = (
					"DEBUG=1",
					"$(inherited)",
				);
				GCC_WARN_64_TO_32_BIT_CONVERSION = YES;
				GCC_WARN_ABOUT_RETURN_TYPE = YES_ERROR;
				GCC_WARN_UNDECLARED_SELECTOR = YES;
				GCC_WARN_UNINITIALIZED_AUTOS = YES_AGGRESSIVE;
				GCC_WARN_UNUSED_FUNCTION = YES;
				GCC_WARN_UNUSED_VARIABLE = YES;
				IPHONEOS_DEPLOYMENT_TARGET = 9.2;
				MTL_ENABLE_DEBUG_INFO = YES;
				ONLY_ACTIVE_ARCH = YES;
				SDKROOT = iphoneos;
			};
			name = Debug;
		};
		849DF19E1C2CA7AF009B68D9 /* Release */ = {
			isa = XCBuildConfiguration;
			buildSettings = {
				ALWAYS_SEARCH_USER_PATHS = NO;
				CLANG_CXX_LANGUAGE_STANDARD = "gnu++0x";
				CLANG_CXX_LIBRARY = "libc++";
				CLANG_ENABLE_MODULES = YES;
				CLANG_ENABLE_OBJC_ARC = YES;
				CLANG_WARN_BOOL_CONVERSION = YES;
				CLANG_WARN_CONSTANT_CONVERSION = YES;
				CLANG_WARN_DIRECT_OBJC_ISA_USAGE = YES_ERROR;
				CLANG_WARN_EMPTY_BODY = YES;
				CLANG_WARN_ENUM_CONVERSION = YES;
				CLANG_WARN_INT_CONVERSION = YES;
				CLANG_WARN_OBJC_ROOT_CLASS = YES_ERROR;
				CLANG_WARN_UNREACHABLE_CODE = YES;
				CLANG_WARN__DUPLICATE_METHOD_MATCH = YES;
				"CODE_SIGN_IDENTITY[sdk=iphoneos*]" = "iPhone Developer";
				COPY_PHASE_STRIP = NO;
				DEBUG_INFORMATION_FORMAT = "dwarf-with-dsym";
				ENABLE_NS_ASSERTIONS = NO;
				ENABLE_STRICT_OBJC_MSGSEND = YES;
				GCC_C_LANGUAGE_STANDARD = gnu99;
				GCC_NO_COMMON_BLOCKS = YES;
				GCC_WARN_64_TO_32_BIT_CONVERSION = YES;
				GCC_WARN_ABOUT_RETURN_TYPE = YES_ERROR;
				GCC_WARN_UNDECLARED_SELECTOR = YES;
				GCC_WARN_UNINITIALIZED_AUTOS = YES_AGGRESSIVE;
				GCC_WARN_UNUSED_FUNCTION = YES;
				GCC_WARN_UNUSED_VARIABLE = YES;
				IPHONEOS_DEPLOYMENT_TARGET = 9.2;
				MTL_ENABLE_DEBUG_INFO = NO;
				SDKROOT = iphoneos;
				VALIDATE_PRODUCT = YES;
			};
			name = Release;
		};
		849DF1A01C2CA7AF009B68D9 /* Debug */ = {
			isa = XCBuildConfiguration;
			buildSettings = {
				ASSETCATALOG_COMPILER_APPICON_NAME = AppIcon;
				CODE_SIGN_IDENTITY = "iPhone Developer";
				"CODE_SIGN_IDENTITY[sdk=iphoneos*]" = "iPhone Developer";
				INFOPLIST_FILE = "PayPal Test/Info.plist";
				LD_RUNPATH_SEARCH_PATHS = "$(inherited) @executable_path/Frameworks";
				LIBRARY_SEARCH_PATHS = (
					"$(inherited)",
					"$(PROJECT_DIR)/PayPalMobile",
					"$(PROJECT_DIR)/CardIO",
				);
				OTHER_LDFLAGS = (
					"-lc++",
					"-ObjC",
				);
				PRODUCT_BUNDLE_IDENTIFIER = "com.chiuntisoft.PayPal-Test";
				PRODUCT_NAME = "$(TARGET_NAME)";
				PROVISIONING_PROFILE = "";
			};
			name = Debug;
		};
		849DF1A11C2CA7AF009B68D9 /* Release */ = {
			isa = XCBuildConfiguration;
			buildSettings = {
				ASSETCATALOG_COMPILER_APPICON_NAME = AppIcon;
				CODE_SIGN_IDENTITY = "iPhone Developer";
				"CODE_SIGN_IDENTITY[sdk=iphoneos*]" = "iPhone Developer";
				INFOPLIST_FILE = "PayPal Test/Info.plist";
				LD_RUNPATH_SEARCH_PATHS = "$(inherited) @executable_path/Frameworks";
				LIBRARY_SEARCH_PATHS = (
					"$(inherited)",
					"$(PROJECT_DIR)/PayPalMobile",
					"$(PROJECT_DIR)/CardIO",
				);
				OTHER_LDFLAGS = (
					"-lc++",
					"-ObjC",
				);
				PRODUCT_BUNDLE_IDENTIFIER = "com.chiuntisoft.PayPal-Test";
				PRODUCT_NAME = "$(TARGET_NAME)";
				PROVISIONING_PROFILE = "";
			};
			name = Release;
		};
/* End XCBuildConfiguration section */

/* Begin XCConfigurationList section */
		849DF1801C2CA7AF009B68D9 /* Build configuration list for PBXProject "PayPal Test" */ = {
			isa = XCConfigurationList;
			buildConfigurations = (
				849DF19D1C2CA7AF009B68D9 /* Debug */,
				849DF19E1C2CA7AF009B68D9 /* Release */,
			);
			defaultConfigurationIsVisible = 0;
			defaultConfigurationName = Release;
		};
		849DF19F1C2CA7AF009B68D9 /* Build configuration list for PBXNativeTarget "PayPal Test" */ = {
			isa = XCConfigurationList;
			buildConfigurations = (
				849DF1A01C2CA7AF009B68D9 /* Debug */,
				849DF1A11C2CA7AF009B68D9 /* Release */,
			);
			defaultConfigurationIsVisible = 0;
		};
/* End XCConfigurationList section */

/* Begin XCVersionGroup section */
		849DF1941C2CA7AF009B68D9 /* PayPal_Test.xcdatamodeld */ = {
			isa = XCVersionGroup;
			children = (
				849DF1951C2CA7AF009B68D9 /* PayPal_Test.xcdatamodel */,
			);
			currentVersion = 849DF1951C2CA7AF009B68D9 /* PayPal_Test.xcdatamodel */;
			path = PayPal_Test.xcdatamodeld;
			sourceTree = "<group>";
			versionGroupType = wrapper.xcdatamodel;
		};
/* End XCVersionGroup section */
	};
	rootObject = 849DF17D1C2CA7AF009B68D9 /* Project object */;
}
